
Microsoft Visual Studio Solution File, Format Version 12.00
# Visual Studio Version 16
VisualStudioVersion = 16.0.31702.278
MinimumVisualStudioVersion = 10.0.40219.1
Project("{FAE04EC0-301F-11D3-BF4B-00C04F79EFBC}") = "L6_RazorViewOverView", "L6_RazorViewOverView\L6_RazorViewOverView.csproj", "{3B54E0A5-097C-48F1-8E04-566BDFAFF8ED}"
EndProject
Global
	GlobalSection(SolutionConfigurationPlatforms) = preSolution
		Debug|Any CPU = Debug|Any CPU
		Release|Any CPU = Release|Any CPU
	EndGlobalSection
	GlobalSection(ProjectConfigurationPlatforms) = postSolution
		{3B54E0A5-097C-48F1-8E04-566BDFAFF8ED}.Debug|Any CPU.ActiveCfg = Debug|Any CPU
		{3B54E0A5-097C-48F1-8E04-566BDFAFF8ED}.Debug|Any CPU.Build.0 = Debug|Any CPU
		{3B54E0A5-097C-48F1-8E04-566BDFAFF8ED}.Release|Any CPU.ActiveCfg = Release|Any CPU
		{3B54E0A5-097C-48F1-8E04-566BDFAFF8ED}.Release|Any CPU.Build.0 = Release|Any CPU
	EndGlobalSection
	GlobalSection(SolutionProperties) = preSolution
		HideSolutionNode = FALSE
	EndGlobalSection
	GlobalSection(ExtensibilityGlobals) = postSolution
		SolutionGuid = {35B7158A-BF03-4463-B5BA-333A0EACA77A}
	EndGlobalSection
EndGlobal
