
Microsoft Visual Studio Solution File, Format Version 12.00
# Visual Studio Version 16
VisualStudioVersion = 16.0.31729.503
MinimumVisualStudioVersion = 10.0.40219.1
Project("{FAE04EC0-301F-11D3-BF4B-00C04F79EFBC}") = "CheatSheetCSharp", "CheatSheetCSharp\CheatSheetCSharp.csproj", "{8453DDBA-8790-4243-AF48-4203A26D89DD}"
EndProject
Global
	GlobalSection(SolutionConfigurationPlatforms) = preSolution
		Debug|Any CPU = Debug|Any CPU
		Release|Any CPU = Release|Any CPU
	EndGlobalSection
	GlobalSection(ProjectConfigurationPlatforms) = postSolution
		{8453DDBA-8790-4243-AF48-4203A26D89DD}.Debug|Any CPU.ActiveCfg = Debug|Any CPU
		{8453DDBA-8790-4243-AF48-4203A26D89DD}.Debug|Any CPU.Build.0 = Debug|Any CPU
		{8453DDBA-8790-4243-AF48-4203A26D89DD}.Release|Any CPU.ActiveCfg = Release|Any CPU
		{8453DDBA-8790-4243-AF48-4203A26D89DD}.Release|Any CPU.Build.0 = Release|Any CPU
	EndGlobalSection
	GlobalSection(SolutionProperties) = preSolution
		HideSolutionNode = FALSE
	EndGlobalSection
	GlobalSection(ExtensibilityGlobals) = postSolution
		SolutionGuid = {167CD64E-399D-47AE-A368-A5E7C6D7642E}
	EndGlobalSection
EndGlobal
