
Microsoft Visual Studio Solution File, Format Version 12.00
# Visual Studio Version 16
VisualStudioVersion = 16.0.30907.101
MinimumVisualStudioVersion = 10.0.40219.1
Project("{FAE04EC0-301F-11D3-BF4B-00C04F79EFBC}") = "Inclass1_KwangjinBaek_", "Inclass1_KwangjinBaek_\Inclass1_KwangjinBaek_.csproj", "{B725711E-6600-43F4-A561-774538B8DFBC}"
EndProject
Global
	GlobalSection(SolutionConfigurationPlatforms) = preSolution
		Debug|Any CPU = Debug|Any CPU
		Release|Any CPU = Release|Any CPU
	EndGlobalSection
	GlobalSection(ProjectConfigurationPlatforms) = postSolution
		{B725711E-6600-43F4-A561-774538B8DFBC}.Debug|Any CPU.ActiveCfg = Debug|Any CPU
		{B725711E-6600-43F4-A561-774538B8DFBC}.Debug|Any CPU.Build.0 = Debug|Any CPU
		{B725711E-6600-43F4-A561-774538B8DFBC}.Release|Any CPU.ActiveCfg = Release|Any CPU
		{B725711E-6600-43F4-A561-774538B8DFBC}.Release|Any CPU.Build.0 = Release|Any CPU
	EndGlobalSection
	GlobalSection(SolutionProperties) = preSolution
		HideSolutionNode = FALSE
	EndGlobalSection
	GlobalSection(ExtensibilityGlobals) = postSolution
		SolutionGuid = {84FD9C7D-4FC4-43F8-B539-7A44E537F8A6}
	EndGlobalSection
EndGlobal
