
Microsoft Visual Studio Solution File, Format Version 12.00
# Visual Studio Version 16
VisualStudioVersion = 16.0.31624.102
MinimumVisualStudioVersion = 10.0.40219.1
Project("{FAE04EC0-301F-11D3-BF4B-00C04F79EFBC}") = "L1_Bmi_Empty", "L1_Bmi_Empty.csproj", "{F40D88DA-2AAF-4F6E-B8C7-13989ADB8947}"
EndProject
Global
	GlobalSection(SolutionConfigurationPlatforms) = preSolution
		Debug|Any CPU = Debug|Any CPU
		Release|Any CPU = Release|Any CPU
	EndGlobalSection
	GlobalSection(ProjectConfigurationPlatforms) = postSolution
		{F40D88DA-2AAF-4F6E-B8C7-13989ADB8947}.Debug|Any CPU.ActiveCfg = Debug|Any CPU
		{F40D88DA-2AAF-4F6E-B8C7-13989ADB8947}.Debug|Any CPU.Build.0 = Debug|Any CPU
		{F40D88DA-2AAF-4F6E-B8C7-13989ADB8947}.Release|Any CPU.ActiveCfg = Release|Any CPU
		{F40D88DA-2AAF-4F6E-B8C7-13989ADB8947}.Release|Any CPU.Build.0 = Release|Any CPU
	EndGlobalSection
	GlobalSection(SolutionProperties) = preSolution
		HideSolutionNode = FALSE
	EndGlobalSection
	GlobalSection(ExtensibilityGlobals) = postSolution
		SolutionGuid = {26A12E83-80A2-4FCB-A91A-F5E8CFC3992F}
	EndGlobalSection
EndGlobal
