
Microsoft Visual Studio Solution File, Format Version 12.00
# Visual Studio Version 16
VisualStudioVersion = 16.0.31729.503
MinimumVisualStudioVersion = 10.0.40219.1
Project("{FAE04EC0-301F-11D3-BF4B-00C04F79EFBC}") = "FoodShop", "FoodShop\FoodShop.csproj", "{AE446A26-9670-4462-B3DC-89FCDCFF6231}"
EndProject
Global
	GlobalSection(SolutionConfigurationPlatforms) = preSolution
		Debug|Any CPU = Debug|Any CPU
		Release|Any CPU = Release|Any CPU
	EndGlobalSection
	GlobalSection(ProjectConfigurationPlatforms) = postSolution
		{AE446A26-9670-4462-B3DC-89FCDCFF6231}.Debug|Any CPU.ActiveCfg = Debug|Any CPU
		{AE446A26-9670-4462-B3DC-89FCDCFF6231}.Debug|Any CPU.Build.0 = Debug|Any CPU
		{AE446A26-9670-4462-B3DC-89FCDCFF6231}.Release|Any CPU.ActiveCfg = Release|Any CPU
		{AE446A26-9670-4462-B3DC-89FCDCFF6231}.Release|Any CPU.Build.0 = Release|Any CPU
	EndGlobalSection
	GlobalSection(SolutionProperties) = preSolution
		HideSolutionNode = FALSE
	EndGlobalSection
	GlobalSection(ExtensibilityGlobals) = postSolution
		SolutionGuid = {BED6F49E-F646-487D-A032-3418421FA0C3}
	EndGlobalSection
EndGlobal
