
Microsoft Visual Studio Solution File, Format Version 12.00
# Visual Studio Version 16
VisualStudioVersion = 16.0.31829.152
MinimumVisualStudioVersion = 10.0.40219.1
Project("{FAE04EC0-301F-11D3-BF4B-00C04F79EFBC}") = "PatientApp_Week11", "PatientApp_Week11\PatientApp_Week11.csproj", "{A85DBED3-1FC3-472A-A7E3-F85EE3AB4D4A}"
EndProject
Global
	GlobalSection(SolutionConfigurationPlatforms) = preSolution
		Debug|Any CPU = Debug|Any CPU
		Release|Any CPU = Release|Any CPU
	EndGlobalSection
	GlobalSection(ProjectConfigurationPlatforms) = postSolution
		{A85DBED3-1FC3-472A-A7E3-F85EE3AB4D4A}.Debug|Any CPU.ActiveCfg = Debug|Any CPU
		{A85DBED3-1FC3-472A-A7E3-F85EE3AB4D4A}.Debug|Any CPU.Build.0 = Debug|Any CPU
		{A85DBED3-1FC3-472A-A7E3-F85EE3AB4D4A}.Release|Any CPU.ActiveCfg = Release|Any CPU
		{A85DBED3-1FC3-472A-A7E3-F85EE3AB4D4A}.Release|Any CPU.Build.0 = Release|Any CPU
	EndGlobalSection
	GlobalSection(SolutionProperties) = preSolution
		HideSolutionNode = FALSE
	EndGlobalSection
	GlobalSection(ExtensibilityGlobals) = postSolution
		SolutionGuid = {C39D6913-80AD-4661-9943-5F32B055DD73}
	EndGlobalSection
EndGlobal
