
Microsoft Visual Studio Solution File, Format Version 12.00
# Visual Studio Version 16
VisualStudioVersion = 16.0.31624.102
MinimumVisualStudioVersion = 10.0.40219.1
Project("{FAE04EC0-301F-11D3-BF4B-00C04F79EFBC}") = "ToDoList_Week9", "ToDoList_Week9\ToDoList_Week9.csproj", "{771F6660-B270-4657-8FB0-D4B8E6A866C3}"
EndProject
Global
	GlobalSection(SolutionConfigurationPlatforms) = preSolution
		Debug|Any CPU = Debug|Any CPU
		Release|Any CPU = Release|Any CPU
	EndGlobalSection
	GlobalSection(ProjectConfigurationPlatforms) = postSolution
		{771F6660-B270-4657-8FB0-D4B8E6A866C3}.Debug|Any CPU.ActiveCfg = Debug|Any CPU
		{771F6660-B270-4657-8FB0-D4B8E6A866C3}.Debug|Any CPU.Build.0 = Debug|Any CPU
		{771F6660-B270-4657-8FB0-D4B8E6A866C3}.Release|Any CPU.ActiveCfg = Release|Any CPU
		{771F6660-B270-4657-8FB0-D4B8E6A866C3}.Release|Any CPU.Build.0 = Release|Any CPU
	EndGlobalSection
	GlobalSection(SolutionProperties) = preSolution
		HideSolutionNode = FALSE
	EndGlobalSection
	GlobalSection(ExtensibilityGlobals) = postSolution
		SolutionGuid = {0207407B-15AC-47B4-B445-A0318C181456}
	EndGlobalSection
EndGlobal
