
Microsoft Visual Studio Solution File, Format Version 12.00
# Visual Studio Version 16
VisualStudioVersion = 16.0.31729.503
MinimumVisualStudioVersion = 10.0.40219.1
Project("{FAE04EC0-301F-11D3-BF4B-00C04F79EFBC}") = "CheatSheetCSharpWep", "CheatSheetCSharpWep\CheatSheetCSharpWep.csproj", "{634021E3-FB2F-4835-A325-2AB19870B0B2}"
EndProject
Global
	GlobalSection(SolutionConfigurationPlatforms) = preSolution
		Debug|Any CPU = Debug|Any CPU
		Release|Any CPU = Release|Any CPU
	EndGlobalSection
	GlobalSection(ProjectConfigurationPlatforms) = postSolution
		{634021E3-FB2F-4835-A325-2AB19870B0B2}.Debug|Any CPU.ActiveCfg = Debug|Any CPU
		{634021E3-FB2F-4835-A325-2AB19870B0B2}.Debug|Any CPU.Build.0 = Debug|Any CPU
		{634021E3-FB2F-4835-A325-2AB19870B0B2}.Release|Any CPU.ActiveCfg = Release|Any CPU
		{634021E3-FB2F-4835-A325-2AB19870B0B2}.Release|Any CPU.Build.0 = Release|Any CPU
	EndGlobalSection
	GlobalSection(SolutionProperties) = preSolution
		HideSolutionNode = FALSE
	EndGlobalSection
	GlobalSection(ExtensibilityGlobals) = postSolution
		SolutionGuid = {B7D6D9A2-CB44-4060-B4BE-0B3ED5AA3E36}
	EndGlobalSection
EndGlobal
