
Microsoft Visual Studio Solution File, Format Version 12.00
# Visual Studio Version 16
VisualStudioVersion = 16.0.31729.503
MinimumVisualStudioVersion = 10.0.40219.1
Project("{FAE04EC0-301F-11D3-BF4B-00C04F79EFBC}") = "TestFinal", "TestFinal\TestFinal.csproj", "{B6CFCB28-8096-489C-8337-92738A1BB562}"
EndProject
Global
	GlobalSection(SolutionConfigurationPlatforms) = preSolution
		Debug|Any CPU = Debug|Any CPU
		Release|Any CPU = Release|Any CPU
	EndGlobalSection
	GlobalSection(ProjectConfigurationPlatforms) = postSolution
		{B6CFCB28-8096-489C-8337-92738A1BB562}.Debug|Any CPU.ActiveCfg = Debug|Any CPU
		{B6CFCB28-8096-489C-8337-92738A1BB562}.Debug|Any CPU.Build.0 = Debug|Any CPU
		{B6CFCB28-8096-489C-8337-92738A1BB562}.Release|Any CPU.ActiveCfg = Release|Any CPU
		{B6CFCB28-8096-489C-8337-92738A1BB562}.Release|Any CPU.Build.0 = Release|Any CPU
	EndGlobalSection
	GlobalSection(SolutionProperties) = preSolution
		HideSolutionNode = FALSE
	EndGlobalSection
	GlobalSection(ExtensibilityGlobals) = postSolution
		SolutionGuid = {A5A0D533-CCF6-4780-889D-764FF2271FF4}
	EndGlobalSection
EndGlobal
