
Microsoft Visual Studio Solution File, Format Version 12.00
# Visual Studio Version 16
VisualStudioVersion = 16.0.31129.286
MinimumVisualStudioVersion = 10.0.40219.1
Project("{FAE04EC0-301F-11D3-BF4B-00C04F79EFBC}") = "Inclass5_KwangjinBaek", "Inclass5_KwangjinBaek\Inclass5_KwangjinBaek.csproj", "{71B82402-B7CF-4C06-AA9C-8155CA52B6EF}"
EndProject
Global
	GlobalSection(SolutionConfigurationPlatforms) = preSolution
		Debug|Any CPU = Debug|Any CPU
		Release|Any CPU = Release|Any CPU
	EndGlobalSection
	GlobalSection(ProjectConfigurationPlatforms) = postSolution
		{71B82402-B7CF-4C06-AA9C-8155CA52B6EF}.Debug|Any CPU.ActiveCfg = Debug|Any CPU
		{71B82402-B7CF-4C06-AA9C-8155CA52B6EF}.Debug|Any CPU.Build.0 = Debug|Any CPU
		{71B82402-B7CF-4C06-AA9C-8155CA52B6EF}.Release|Any CPU.ActiveCfg = Release|Any CPU
		{71B82402-B7CF-4C06-AA9C-8155CA52B6EF}.Release|Any CPU.Build.0 = Release|Any CPU
	EndGlobalSection
	GlobalSection(SolutionProperties) = preSolution
		HideSolutionNode = FALSE
	EndGlobalSection
	GlobalSection(ExtensibilityGlobals) = postSolution
		SolutionGuid = {B7FFA17B-57B5-4BD1-A9D1-1B2BEE6F865A}
	EndGlobalSection
EndGlobal
