
Microsoft Visual Studio Solution File, Format Version 12.00
# Visual Studio Version 16
VisualStudioVersion = 16.0.30907.101
MinimumVisualStudioVersion = 10.0.40219.1
Project("{FAE04EC0-301F-11D3-BF4B-00C04F79EFBC}") = "MDI_sec1", "MDI_sec1\MDI_sec1.csproj", "{5FF8DF74-0724-4F51-9E24-8C04A4E51750}"
EndProject
Global
	GlobalSection(SolutionConfigurationPlatforms) = preSolution
		Debug|Any CPU = Debug|Any CPU
		Release|Any CPU = Release|Any CPU
	EndGlobalSection
	GlobalSection(ProjectConfigurationPlatforms) = postSolution
		{5FF8DF74-0724-4F51-9E24-8C04A4E51750}.Debug|Any CPU.ActiveCfg = Debug|Any CPU
		{5FF8DF74-0724-4F51-9E24-8C04A4E51750}.Debug|Any CPU.Build.0 = Debug|Any CPU
		{5FF8DF74-0724-4F51-9E24-8C04A4E51750}.Release|Any CPU.ActiveCfg = Release|Any CPU
		{5FF8DF74-0724-4F51-9E24-8C04A4E51750}.Release|Any CPU.Build.0 = Release|Any CPU
	EndGlobalSection
	GlobalSection(SolutionProperties) = preSolution
		HideSolutionNode = FALSE
	EndGlobalSection
	GlobalSection(ExtensibilityGlobals) = postSolution
		SolutionGuid = {D81AD69B-EAC6-46B6-BAF0-5F3ED9E88EBE}
	EndGlobalSection
EndGlobal
