
Microsoft Visual Studio Solution File, Format Version 12.00
# Visual Studio Version 16
VisualStudioVersion = 16.0.30804.86
MinimumVisualStudioVersion = 10.0.40219.1
Project("{9A19103F-16F7-4668-BE54-9A1E7A4F7556}") = "BPApp", "BPApp\BPApp.csproj", "{B9ED7EA2-3AD3-40CB-8D06-239F99F616E8}"
EndProject
Global
	GlobalSection(SolutionConfigurationPlatforms) = preSolution
		Debug|Any CPU = Debug|Any CPU
		Release|Any CPU = Release|Any CPU
	EndGlobalSection
	GlobalSection(ProjectConfigurationPlatforms) = postSolution
		{B9ED7EA2-3AD3-40CB-8D06-239F99F616E8}.Debug|Any CPU.ActiveCfg = Debug|Any CPU
		{B9ED7EA2-3AD3-40CB-8D06-239F99F616E8}.Debug|Any CPU.Build.0 = Debug|Any CPU
		{B9ED7EA2-3AD3-40CB-8D06-239F99F616E8}.Release|Any CPU.ActiveCfg = Release|Any CPU
		{B9ED7EA2-3AD3-40CB-8D06-239F99F616E8}.Release|Any CPU.Build.0 = Release|Any CPU
	EndGlobalSection
	GlobalSection(SolutionProperties) = preSolution
		HideSolutionNode = FALSE
	EndGlobalSection
	GlobalSection(ExtensibilityGlobals) = postSolution
		SolutionGuid = {F0539D48-1E4E-435D-AD2A-E0F5ED44AB1F}
	EndGlobalSection
EndGlobal
