
Microsoft Visual Studio Solution File, Format Version 12.00
# Visual Studio Version 16
VisualStudioVersion = 16.0.30804.86
MinimumVisualStudioVersion = 10.0.40219.1
Project("{FAE04EC0-301F-11D3-BF4B-00C04F79EFBC}") = "HeartRateApp", "HeartRateApp\HeartRateApp.csproj", "{1DC23917-908E-4B76-ADEB-45E47EE7E4D5}"
EndProject
Global
	GlobalSection(SolutionConfigurationPlatforms) = preSolution
		Debug|Any CPU = Debug|Any CPU
		Release|Any CPU = Release|Any CPU
	EndGlobalSection
	GlobalSection(ProjectConfigurationPlatforms) = postSolution
		{1DC23917-908E-4B76-ADEB-45E47EE7E4D5}.Debug|Any CPU.ActiveCfg = Debug|Any CPU
		{1DC23917-908E-4B76-ADEB-45E47EE7E4D5}.Debug|Any CPU.Build.0 = Debug|Any CPU
		{1DC23917-908E-4B76-ADEB-45E47EE7E4D5}.Release|Any CPU.ActiveCfg = Release|Any CPU
		{1DC23917-908E-4B76-ADEB-45E47EE7E4D5}.Release|Any CPU.Build.0 = Release|Any CPU
	EndGlobalSection
	GlobalSection(SolutionProperties) = preSolution
		HideSolutionNode = FALSE
	EndGlobalSection
	GlobalSection(ExtensibilityGlobals) = postSolution
		SolutionGuid = {F0539D48-1E4E-435D-AD2A-E0F5ED44AB1F}
	EndGlobalSection
EndGlobal
